// !$*UTF8*$!
{
	archiveVersion = 1;
	classes = {
	};
	objectVersion = 56;
	objects = {

/* Begin PBXBuildFile section */
		730544B22CA1959000F77233 /* JoiefullApp.swift in Sources */ = {isa = PBXBuildFile; fileRef = 730544B12CA1959000F77233 /* JoiefullApp.swift */; };
		730544B42CA1959000F77233 /* ContentView.swift in Sources */ = {isa = PBXBuildFile; fileRef = 730544B32CA1959000F77233 /* ContentView.swift */; };
		730544B62CA1959200F77233 /* Assets.xcassets in Resources */ = {isa = PBXBuildFile; fileRef = 730544B52CA1959200F77233 /* Assets.xcassets */; };
		730544B92CA1959200F77233 /* Preview Assets.xcassets in Resources */ = {isa = PBXBuildFile; fileRef = 730544B82CA1959200F77233 /* Preview Assets.xcassets */; };
		730544C32CA1959200F77233 /* JoiefullTests.swift in Sources */ = {isa = PBXBuildFile; fileRef = 730544C22CA1959200F77233 /* JoiefullTests.swift */; };
		730544CD2CA1959200F77233 /* JoiefullUITests.swift in Sources */ = {isa = PBXBuildFile; fileRef = 730544CC2CA1959200F77233 /* JoiefullUITests.swift */; };
		730544CF2CA1959200F77233 /* JoiefullUITestsLaunchTests.swift in Sources */ = {isa = PBXBuildFile; fileRef = 730544CE2CA1959200F77233 /* JoiefullUITestsLaunchTests.swift */; };
		730544E32CA1D06800F77233 /* NetworkRequestExecutor.swift in Sources */ = {isa = PBXBuildFile; fileRef = 730544E22CA1D06800F77233 /* NetworkRequestExecutor.swift */; };
		730544E52CA1D09200F77233 /* NetworkService.swift in Sources */ = {isa = PBXBuildFile; fileRef = 730544E42CA1D09200F77233 /* NetworkService.swift */; };
		730544EA2CA1D68700F77233 /* Article.swift in Sources */ = {isa = PBXBuildFile; fileRef = 730544E92CA1D68700F77233 /* Article.swift */; };
		730544EF2CA1EBDA00F77233 /* ArticleListViewModel.swift in Sources */ = {isa = PBXBuildFile; fileRef = 730544EE2CA1EBDA00F77233 /* ArticleListViewModel.swift */; };
		730544F42CA2078100F77233 /* ArticleListRowView.swift in Sources */ = {isa = PBXBuildFile; fileRef = 730544F32CA2078100F77233 /* ArticleListRowView.swift */; };
		731F03052CD3DCF500D72C42 /* ArticleListViewModelTests.swift in Sources */ = {isa = PBXBuildFile; fileRef = 731F03042CD3DCF500D72C42 /* ArticleListViewModelTests.swift */; };
		731F03082CD5543B00D72C42 /* NetworkServiceMock.swift in Sources */ = {isa = PBXBuildFile; fileRef = 731F03072CD5543B00D72C42 /* NetworkServiceMock.swift */; };
		731F030F2CD989F000D72C42 /* LikeTests.swift in Sources */ = {isa = PBXBuildFile; fileRef = 731F030E2CD989F000D72C42 /* LikeTests.swift */; };
		731F03112CD993AE00D72C42 /* ReviewRepositoryMock.swift in Sources */ = {isa = PBXBuildFile; fileRef = 731F03102CD993AE00D72C42 /* ReviewRepositoryMock.swift */; };
		731F03132CD99BAE00D72C42 /* ArticleListRowItemViewModelTests.swift in Sources */ = {isa = PBXBuildFile; fileRef = 731F03122CD99BAE00D72C42 /* ArticleListRowItemViewModelTests.swift */; };
		731F03152CD9A18100D72C42 /* ArticleDetailViewModelTests.swift in Sources */ = {isa = PBXBuildFile; fileRef = 731F03142CD9A18100D72C42 /* ArticleDetailViewModelTests.swift */; };
		7336F2202CB8A5B700C06F89 /* ActivityViewController.swift in Sources */ = {isa = PBXBuildFile; fileRef = 7336F21F2CB8A5B700C06F89 /* ActivityViewController.swift */; };
		7336F2232CB9490000C06F89 /* Joiefull.xcdatamodeld in Sources */ = {isa = PBXBuildFile; fileRef = 7336F2212CB9490000C06F89 /* Joiefull.xcdatamodeld */; };
		7336F2272CB9543100C06F89 /* PersistenceController.swift in Sources */ = {isa = PBXBuildFile; fileRef = 7336F2262CB9543100C06F89 /* PersistenceController.swift */; };
		7336F2292CB9552200C06F89 /* ReviewRepository.swift in Sources */ = {isa = PBXBuildFile; fileRef = 7336F2282CB9552200C06F89 /* ReviewRepository.swift */; };
		7336F22D2CB9A2D600C06F89 /* RatingView.swift in Sources */ = {isa = PBXBuildFile; fileRef = 7336F22C2CB9A2D600C06F89 /* RatingView.swift */; };
		7380F5B42CCBFA06006FC4F0 /* ArticleListView.swift in Sources */ = {isa = PBXBuildFile; fileRef = 7380F5B32CCBFA06006FC4F0 /* ArticleListView.swift */; };
		7380F5B82CCC0958006FC4F0 /* ArticleRepository.swift in Sources */ = {isa = PBXBuildFile; fileRef = 7380F5B72CCC0958006FC4F0 /* ArticleRepository.swift */; };
		7380F5BA2CCC11FB006FC4F0 /* ArticleDetailViewModel.swift in Sources */ = {isa = PBXBuildFile; fileRef = 7380F5B92CCC11FB006FC4F0 /* ArticleDetailViewModel.swift */; };
		7380F5BC2CCEC876006FC4F0 /* LazyNavigationLink.swift in Sources */ = {isa = PBXBuildFile; fileRef = 7380F5BB2CCEC876006FC4F0 /* LazyNavigationLink.swift */; };
		7380F5BE2CCED420006FC4F0 /* ArticleListRowItemViewModel.swift in Sources */ = {isa = PBXBuildFile; fileRef = 7380F5BD2CCED420006FC4F0 /* ArticleListRowItemViewModel.swift */; };
		7380F5C42CD0D976006FC4F0 /* Collections in Frameworks */ = {isa = PBXBuildFile; productRef = 7380F5C32CD0D976006FC4F0 /* Collections */; };
		7380F5C62CD0D976006FC4F0 /* OrderedCollections in Frameworks */ = {isa = PBXBuildFile; productRef = 7380F5C52CD0D976006FC4F0 /* OrderedCollections */; };
		7380F5C82CD12188006FC4F0 /* Like.swift in Sources */ = {isa = PBXBuildFile; fileRef = 7380F5C72CD12188006FC4F0 /* Like.swift */; };
		7380F5CA2CD13F20006FC4F0 /* LikeRepository.swift in Sources */ = {isa = PBXBuildFile; fileRef = 7380F5C92CD13F20006FC4F0 /* LikeRepository.swift */; };
		7380F5CC2CD14403006FC4F0 /* JoiefullAppViewModel.swift in Sources */ = {isa = PBXBuildFile; fileRef = 7380F5CB2CD14403006FC4F0 /* JoiefullAppViewModel.swift */; };
		7380F5CE2CD15310006FC4F0 /* LikesView.swift in Sources */ = {isa = PBXBuildFile; fileRef = 7380F5CD2CD15310006FC4F0 /* LikesView.swift */; };
		73A092852CA573C300385F22 /* ArticleDetailView.swift in Sources */ = {isa = PBXBuildFile; fileRef = 73A092842CA573C300385F22 /* ArticleDetailView.swift */; };
		73A092872CA5753E00385F22 /* MainView.swift in Sources */ = {isa = PBXBuildFile; fileRef = 73A092862CA5753E00385F22 /* MainView.swift */; };
		73A092892CA61D0600385F22 /* NetworkError.swift in Sources */ = {isa = PBXBuildFile; fileRef = 73A092882CA61D0600385F22 /* NetworkError.swift */; };
		73C815FE2CA20CC300875B2F /* ArticleListRowItemView.swift in Sources */ = {isa = PBXBuildFile; fileRef = 73C815FD2CA20CC300875B2F /* ArticleListRowItemView.swift */; };
		73D1D7002CE021B500BAE481 /* LaunchScreen.storyboard in Resources */ = {isa = PBXBuildFile; fileRef = 73D1D6FF2CE021B500BAE481 /* LaunchScreen.storyboard */; };
/* End PBXBuildFile section */

/* Begin PBXContainerItemProxy section */
		730544BF2CA1959200F77233 /* PBXContainerItemProxy */ = {
			isa = PBXContainerItemProxy;
			containerPortal = 730544A62CA1959000F77233 /* Project object */;
			proxyType = 1;
			remoteGlobalIDString = 730544AD2CA1959000F77233;
			remoteInfo = Joiefull;
		};
		730544C92CA1959200F77233 /* PBXContainerItemProxy */ = {
			isa = PBXContainerItemProxy;
			containerPortal = 730544A62CA1959000F77233 /* Project object */;
			proxyType = 1;
			remoteGlobalIDString = 730544AD2CA1959000F77233;
			remoteInfo = Joiefull;
		};
/* End PBXContainerItemProxy section */

/* Begin PBXFileReference section */
		730544AE2CA1959000F77233 /* Joiefull.app */ = {isa = PBXFileReference; explicitFileType = wrapper.application; includeInIndex = 0; path = Joiefull.app; sourceTree = BUILT_PRODUCTS_DIR; };
		730544B12CA1959000F77233 /* JoiefullApp.swift */ = {isa = PBXFileReference; lastKnownFileType = sourcecode.swift; path = JoiefullApp.swift; sourceTree = "<group>"; };
		730544B32CA1959000F77233 /* ContentView.swift */ = {isa = PBXFileReference; lastKnownFileType = sourcecode.swift; path = ContentView.swift; sourceTree = "<group>"; };
		730544B52CA1959200F77233 /* Assets.xcassets */ = {isa = PBXFileReference; lastKnownFileType = folder.assetcatalog; path = Assets.xcassets; sourceTree = "<group>"; };
		730544B82CA1959200F77233 /* Preview Assets.xcassets */ = {isa = PBXFileReference; lastKnownFileType = folder.assetcatalog; path = "Preview Assets.xcassets"; sourceTree = "<group>"; };
		730544BE2CA1959200F77233 /* JoiefullTests.xctest */ = {isa = PBXFileReference; explicitFileType = wrapper.cfbundle; includeInIndex = 0; path = JoiefullTests.xctest; sourceTree = BUILT_PRODUCTS_DIR; };
		730544C22CA1959200F77233 /* JoiefullTests.swift */ = {isa = PBXFileReference; lastKnownFileType = sourcecode.swift; path = JoiefullTests.swift; sourceTree = "<group>"; };
		730544C82CA1959200F77233 /* JoiefullUITests.xctest */ = {isa = PBXFileReference; explicitFileType = wrapper.cfbundle; includeInIndex = 0; path = JoiefullUITests.xctest; sourceTree = BUILT_PRODUCTS_DIR; };
		730544CC2CA1959200F77233 /* JoiefullUITests.swift */ = {isa = PBXFileReference; lastKnownFileType = sourcecode.swift; path = JoiefullUITests.swift; sourceTree = "<group>"; };
		730544CE2CA1959200F77233 /* JoiefullUITestsLaunchTests.swift */ = {isa = PBXFileReference; lastKnownFileType = sourcecode.swift; path = JoiefullUITestsLaunchTests.swift; sourceTree = "<group>"; };
		730544E22CA1D06800F77233 /* NetworkRequestExecutor.swift */ = {isa = PBXFileReference; lastKnownFileType = sourcecode.swift; path = NetworkRequestExecutor.swift; sourceTree = "<group>"; };
		730544E42CA1D09200F77233 /* NetworkService.swift */ = {isa = PBXFileReference; lastKnownFileType = sourcecode.swift; path = NetworkService.swift; sourceTree = "<group>"; };
		730544E92CA1D68700F77233 /* Article.swift */ = {isa = PBXFileReference; lastKnownFileType = sourcecode.swift; path = Article.swift; sourceTree = "<group>"; };
		730544EE2CA1EBDA00F77233 /* ArticleListViewModel.swift */ = {isa = PBXFileReference; lastKnownFileType = sourcecode.swift; path = ArticleListViewModel.swift; sourceTree = "<group>"; };
		730544F32CA2078100F77233 /* ArticleListRowView.swift */ = {isa = PBXFileReference; lastKnownFileType = sourcecode.swift; path = ArticleListRowView.swift; sourceTree = "<group>"; };
		731F03042CD3DCF500D72C42 /* ArticleListViewModelTests.swift */ = {isa = PBXFileReference; lastKnownFileType = sourcecode.swift; path = ArticleListViewModelTests.swift; sourceTree = "<group>"; };
		731F03072CD5543B00D72C42 /* NetworkServiceMock.swift */ = {isa = PBXFileReference; lastKnownFileType = sourcecode.swift; path = NetworkServiceMock.swift; sourceTree = "<group>"; };
		731F030E2CD989F000D72C42 /* LikeTests.swift */ = {isa = PBXFileReference; lastKnownFileType = sourcecode.swift; path = LikeTests.swift; sourceTree = "<group>"; };
		731F03102CD993AE00D72C42 /* ReviewRepositoryMock.swift */ = {isa = PBXFileReference; lastKnownFileType = sourcecode.swift; path = ReviewRepositoryMock.swift; sourceTree = "<group>"; };
		731F03122CD99BAE00D72C42 /* ArticleListRowItemViewModelTests.swift */ = {isa = PBXFileReference; lastKnownFileType = sourcecode.swift; path = ArticleListRowItemViewModelTests.swift; sourceTree = "<group>"; };
		731F03142CD9A18100D72C42 /* ArticleDetailViewModelTests.swift */ = {isa = PBXFileReference; lastKnownFileType = sourcecode.swift; path = ArticleDetailViewModelTests.swift; sourceTree = "<group>"; };
		7336F21F2CB8A5B700C06F89 /* ActivityViewController.swift */ = {isa = PBXFileReference; lastKnownFileType = sourcecode.swift; path = ActivityViewController.swift; sourceTree = "<group>"; };
		7336F2222CB9490000C06F89 /* Model.xcdatamodel */ = {isa = PBXFileReference; lastKnownFileType = wrapper.xcdatamodel; path = Model.xcdatamodel; sourceTree = "<group>"; };
		7336F2262CB9543100C06F89 /* PersistenceController.swift */ = {isa = PBXFileReference; lastKnownFileType = sourcecode.swift; path = PersistenceController.swift; sourceTree = "<group>"; };
		7336F2282CB9552200C06F89 /* ReviewRepository.swift */ = {isa = PBXFileReference; lastKnownFileType = sourcecode.swift; path = ReviewRepository.swift; sourceTree = "<group>"; };
		7336F22C2CB9A2D600C06F89 /* RatingView.swift */ = {isa = PBXFileReference; lastKnownFileType = sourcecode.swift; path = RatingView.swift; sourceTree = "<group>"; };
		7380F5B32CCBFA06006FC4F0 /* ArticleListView.swift */ = {isa = PBXFileReference; lastKnownFileType = sourcecode.swift; path = ArticleListView.swift; sourceTree = "<group>"; };
		7380F5B72CCC0958006FC4F0 /* ArticleRepository.swift */ = {isa = PBXFileReference; lastKnownFileType = sourcecode.swift; path = ArticleRepository.swift; sourceTree = "<group>"; };
		7380F5B92CCC11FB006FC4F0 /* ArticleDetailViewModel.swift */ = {isa = PBXFileReference; lastKnownFileType = sourcecode.swift; path = ArticleDetailViewModel.swift; sourceTree = "<group>"; };
		7380F5BB2CCEC876006FC4F0 /* LazyNavigationLink.swift */ = {isa = PBXFileReference; lastKnownFileType = sourcecode.swift; path = LazyNavigationLink.swift; sourceTree = "<group>"; };
		7380F5BD2CCED420006FC4F0 /* ArticleListRowItemViewModel.swift */ = {isa = PBXFileReference; lastKnownFileType = sourcecode.swift; path = ArticleListRowItemViewModel.swift; sourceTree = "<group>"; };
		7380F5C72CD12188006FC4F0 /* Like.swift */ = {isa = PBXFileReference; lastKnownFileType = sourcecode.swift; path = Like.swift; sourceTree = "<group>"; };
		7380F5C92CD13F20006FC4F0 /* LikeRepository.swift */ = {isa = PBXFileReference; lastKnownFileType = sourcecode.swift; path = LikeRepository.swift; sourceTree = "<group>"; };
		7380F5CB2CD14403006FC4F0 /* JoiefullAppViewModel.swift */ = {isa = PBXFileReference; lastKnownFileType = sourcecode.swift; path = JoiefullAppViewModel.swift; sourceTree = "<group>"; };
		7380F5CD2CD15310006FC4F0 /* LikesView.swift */ = {isa = PBXFileReference; lastKnownFileType = sourcecode.swift; path = LikesView.swift; sourceTree = "<group>"; };
		73A092842CA573C300385F22 /* ArticleDetailView.swift */ = {isa = PBXFileReference; lastKnownFileType = sourcecode.swift; path = ArticleDetailView.swift; sourceTree = "<group>"; };
		73A092862CA5753E00385F22 /* MainView.swift */ = {isa = PBXFileReference; lastKnownFileType = sourcecode.swift; path = MainView.swift; sourceTree = "<group>"; };
		73A092882CA61D0600385F22 /* NetworkError.swift */ = {isa = PBXFileReference; lastKnownFileType = sourcecode.swift; path = NetworkError.swift; sourceTree = "<group>"; };
		73C815FD2CA20CC300875B2F /* ArticleListRowItemView.swift */ = {isa = PBXFileReference; lastKnownFileType = sourcecode.swift; path = ArticleListRowItemView.swift; sourceTree = "<group>"; };
		73D1C57F2CE0EEC900A87D65 /* Info.plist */ = {isa = PBXFileReference; lastKnownFileType = text.plist; path = Info.plist; sourceTree = "<group>"; };
		73D1D6FF2CE021B500BAE481 /* LaunchScreen.storyboard */ = {isa = PBXFileReference; lastKnownFileType = file.storyboard; path = LaunchScreen.storyboard; sourceTree = "<group>"; };
/* End PBXFileReference section */

/* Begin PBXFrameworksBuildPhase section */
		730544AB2CA1959000F77233 /* Frameworks */ = {
			isa = PBXFrameworksBuildPhase;
			buildActionMask = 2147483647;
			files = (
				7380F5C62CD0D976006FC4F0 /* OrderedCollections in Frameworks */,
				7380F5C42CD0D976006FC4F0 /* Collections in Frameworks */,
			);
			runOnlyForDeploymentPostprocessing = 0;
		};
		730544BB2CA1959200F77233 /* Frameworks */ = {
			isa = PBXFrameworksBuildPhase;
			buildActionMask = 2147483647;
			files = (
			);
			runOnlyForDeploymentPostprocessing = 0;
		};
		730544C52CA1959200F77233 /* Frameworks */ = {
			isa = PBXFrameworksBuildPhase;
			buildActionMask = 2147483647;
			files = (
			);
			runOnlyForDeploymentPostprocessing = 0;
		};
/* End PBXFrameworksBuildPhase section */

/* Begin PBXGroup section */
		730544A52CA1959000F77233 = {
			isa = PBXGroup;
			children = (
				7336F2212CB9490000C06F89 /* Joiefull.xcdatamodeld */,
				730544B02CA1959000F77233 /* Joiefull */,
				730544C12CA1959200F77233 /* JoiefullTests */,
				730544CB2CA1959200F77233 /* JoiefullUITests */,
				730544AF2CA1959000F77233 /* Products */,
			);
			sourceTree = "<group>";
		};
		730544AF2CA1959000F77233 /* Products */ = {
			isa = PBXGroup;
			children = (
				730544AE2CA1959000F77233 /* Joiefull.app */,
				730544BE2CA1959200F77233 /* JoiefullTests.xctest */,
				730544C82CA1959200F77233 /* JoiefullUITests.xctest */,
			);
			name = Products;
			sourceTree = "<group>";
		};
		730544B02CA1959000F77233 /* Joiefull */ = {
			isa = PBXGroup;
			children = (
				73D1C57F2CE0EEC900A87D65 /* Info.plist */,
				73D1D6FF2CE021B500BAE481 /* LaunchScreen.storyboard */,
				730544F02CA1F2A600F77233 /* View */,
				730544ED2CA1EB8900F77233 /* ViewModel */,
				730544E62CA1D13C00F77233 /* Model */,
				730544DD2CA1C5E400F77233 /* HTTPClient */,
				730544B12CA1959000F77233 /* JoiefullApp.swift */,
				730544B32CA1959000F77233 /* ContentView.swift */,
				730544B52CA1959200F77233 /* Assets.xcassets */,
				730544B72CA1959200F77233 /* Preview Content */,
				7336F2262CB9543100C06F89 /* PersistenceController.swift */,
			);
			path = Joiefull;
			sourceTree = "<group>";
		};
		730544B72CA1959200F77233 /* Preview Content */ = {
			isa = PBXGroup;
			children = (
				730544B82CA1959200F77233 /* Preview Assets.xcassets */,
			);
			path = "Preview Content";
			sourceTree = "<group>";
		};
		730544C12CA1959200F77233 /* JoiefullTests */ = {
			isa = PBXGroup;
			children = (
				731F030D2CD989D600D72C42 /* Model */,
				731F03062CD5542E00D72C42 /* Mock */,
				730544C22CA1959200F77233 /* JoiefullTests.swift */,
				731F03042CD3DCF500D72C42 /* ArticleListViewModelTests.swift */,
				731F03122CD99BAE00D72C42 /* ArticleListRowItemViewModelTests.swift */,
				731F03142CD9A18100D72C42 /* ArticleDetailViewModelTests.swift */,
			);
			path = JoiefullTests;
			sourceTree = "<group>";
		};
		730544CB2CA1959200F77233 /* JoiefullUITests */ = {
			isa = PBXGroup;
			children = (
				730544CC2CA1959200F77233 /* JoiefullUITests.swift */,
				730544CE2CA1959200F77233 /* JoiefullUITestsLaunchTests.swift */,
			);
			path = JoiefullUITests;
			sourceTree = "<group>";
		};
		730544DD2CA1C5E400F77233 /* HTTPClient */ = {
			isa = PBXGroup;
			children = (
				730544E42CA1D09200F77233 /* NetworkService.swift */,
				730544E22CA1D06800F77233 /* NetworkRequestExecutor.swift */,
				73A092882CA61D0600385F22 /* NetworkError.swift */,
			);
			path = HTTPClient;
			sourceTree = "<group>";
		};
		730544E62CA1D13C00F77233 /* Model */ = {
			isa = PBXGroup;
			children = (
				730544E92CA1D68700F77233 /* Article.swift */,
				7336F2282CB9552200C06F89 /* ReviewRepository.swift */,
				7380F5B72CCC0958006FC4F0 /* ArticleRepository.swift */,
				7380F5C72CD12188006FC4F0 /* Like.swift */,
				7380F5C92CD13F20006FC4F0 /* LikeRepository.swift */,
			);
			path = Model;
			sourceTree = "<group>";
		};
		730544ED2CA1EB8900F77233 /* ViewModel */ = {
			isa = PBXGroup;
			children = (
				730544EE2CA1EBDA00F77233 /* ArticleListViewModel.swift */,
				7380F5B92CCC11FB006FC4F0 /* ArticleDetailViewModel.swift */,
				7380F5BD2CCED420006FC4F0 /* ArticleListRowItemViewModel.swift */,
				7380F5CB2CD14403006FC4F0 /* JoiefullAppViewModel.swift */,
			);
			path = ViewModel;
			sourceTree = "<group>";
		};
		730544F02CA1F2A600F77233 /* View */ = {
			isa = PBXGroup;
			children = (
				73A092862CA5753E00385F22 /* MainView.swift */,
				73A092842CA573C300385F22 /* ArticleDetailView.swift */,
				7380F5B32CCBFA06006FC4F0 /* ArticleListView.swift */,
				730544F32CA2078100F77233 /* ArticleListRowView.swift */,
				73C815FD2CA20CC300875B2F /* ArticleListRowItemView.swift */,
				7336F22C2CB9A2D600C06F89 /* RatingView.swift */,
				7336F21F2CB8A5B700C06F89 /* ActivityViewController.swift */,
				7380F5BB2CCEC876006FC4F0 /* LazyNavigationLink.swift */,
				7380F5CD2CD15310006FC4F0 /* LikesView.swift */,
			);
			path = View;
			sourceTree = "<group>";
		};
		731F03062CD5542E00D72C42 /* Mock */ = {
			isa = PBXGroup;
			children = (
				731F03072CD5543B00D72C42 /* NetworkServiceMock.swift */,
				731F03102CD993AE00D72C42 /* ReviewRepositoryMock.swift */,
			);
			path = Mock;
			sourceTree = "<group>";
		};
		731F030D2CD989D600D72C42 /* Model */ = {
			isa = PBXGroup;
			children = (
				731F030E2CD989F000D72C42 /* LikeTests.swift */,
			);
			path = Model;
			sourceTree = "<group>";
		};
/* End PBXGroup section */

/* Begin PBXNativeTarget section */
		730544AD2CA1959000F77233 /* Joiefull */ = {
			isa = PBXNativeTarget;
			buildConfigurationList = 730544D22CA1959200F77233 /* Build configuration list for PBXNativeTarget "Joiefull" */;
			buildPhases = (
				730544AA2CA1959000F77233 /* Sources */,
				730544AB2CA1959000F77233 /* Frameworks */,
				730544AC2CA1959000F77233 /* Resources */,
			);
			buildRules = (
			);
			dependencies = (
			);
			name = Joiefull;
			packageProductDependencies = (
				7380F5C32CD0D976006FC4F0 /* Collections */,
				7380F5C52CD0D976006FC4F0 /* OrderedCollections */,
			);
			productName = Joiefull;
			productReference = 730544AE2CA1959000F77233 /* Joiefull.app */;
			productType = "com.apple.product-type.application";
		};
		730544BD2CA1959200F77233 /* JoiefullTests */ = {
			isa = PBXNativeTarget;
			buildConfigurationList = 730544D52CA1959200F77233 /* Build configuration list for PBXNativeTarget "JoiefullTests" */;
			buildPhases = (
				730544BA2CA1959200F77233 /* Sources */,
				730544BB2CA1959200F77233 /* Frameworks */,
				730544BC2CA1959200F77233 /* Resources */,
			);
			buildRules = (
			);
			dependencies = (
				730544C02CA1959200F77233 /* PBXTargetDependency */,
			);
			name = JoiefullTests;
			productName = JoiefullTests;
			productReference = 730544BE2CA1959200F77233 /* JoiefullTests.xctest */;
			productType = "com.apple.product-type.bundle.unit-test";
		};
		730544C72CA1959200F77233 /* JoiefullUITests */ = {
			isa = PBXNativeTarget;
			buildConfigurationList = 730544D82CA1959200F77233 /* Build configuration list for PBXNativeTarget "JoiefullUITests" */;
			buildPhases = (
				730544C42CA1959200F77233 /* Sources */,
				730544C52CA1959200F77233 /* Frameworks */,
				730544C62CA1959200F77233 /* Resources */,
			);
			buildRules = (
			);
			dependencies = (
				730544CA2CA1959200F77233 /* PBXTargetDependency */,
			);
			name = JoiefullUITests;
			productName = JoiefullUITests;
			productReference = 730544C82CA1959200F77233 /* JoiefullUITests.xctest */;
			productType = "com.apple.product-type.bundle.ui-testing";
		};
/* End PBXNativeTarget section */

/* Begin PBXProject section */
		730544A62CA1959000F77233 /* Project object */ = {
			isa = PBXProject;
			attributes = {
				BuildIndependentTargetsInParallel = 1;
				LastSwiftUpdateCheck = 1500;
				LastUpgradeCheck = 1610;
				TargetAttributes = {
					730544AD2CA1959000F77233 = {
						CreatedOnToolsVersion = 15.0;
					};
					730544BD2CA1959200F77233 = {
						CreatedOnToolsVersion = 15.0;
						TestTargetID = 730544AD2CA1959000F77233;
					};
					730544C72CA1959200F77233 = {
						CreatedOnToolsVersion = 15.0;
						TestTargetID = 730544AD2CA1959000F77233;
					};
				};
			};
			buildConfigurationList = 730544A92CA1959000F77233 /* Build configuration list for PBXProject "Joiefull" */;
			compatibilityVersion = "Xcode 14.0";
			developmentRegion = en;
			hasScannedForEncodings = 0;
			knownRegions = (
				en,
				Base,
			);
			mainGroup = 730544A52CA1959000F77233;
			packageReferences = (
				7380F5C22CD0D976006FC4F0 /* XCRemoteSwiftPackageReference "swift-collections" */,
			);
			productRefGroup = 730544AF2CA1959000F77233 /* Products */;
			projectDirPath = "";
			projectRoot = "";
			targets = (
				730544AD2CA1959000F77233 /* Joiefull */,
				730544BD2CA1959200F77233 /* JoiefullTests */,
				730544C72CA1959200F77233 /* JoiefullUITests */,
			);
		};
/* End PBXProject section */

/* Begin PBXResourcesBuildPhase section */
		730544AC2CA1959000F77233 /* Resources */ = {
			isa = PBXResourcesBuildPhase;
			buildActionMask = 2147483647;
			files = (
				73D1D7002CE021B500BAE481 /* LaunchScreen.storyboard in Resources */,
				730544B92CA1959200F77233 /* Preview Assets.xcassets in Resources */,
				730544B62CA1959200F77233 /* Assets.xcassets in Resources */,
			);
			runOnlyForDeploymentPostprocessing = 0;
		};
		730544BC2CA1959200F77233 /* Resources */ = {
			isa = PBXResourcesBuildPhase;
			buildActionMask = 2147483647;
			files = (
			);
			runOnlyForDeploymentPostprocessing = 0;
		};
		730544C62CA1959200F77233 /* Resources */ = {
			isa = PBXResourcesBuildPhase;
			buildActionMask = 2147483647;
			files = (
			);
			runOnlyForDeploymentPostprocessing = 0;
		};
/* End PBXResourcesBuildPhase section */

/* Begin PBXSourcesBuildPhase section */
		730544AA2CA1959000F77233 /* Sources */ = {
			isa = PBXSourcesBuildPhase;
			buildActionMask = 2147483647;
			files = (
				73A092872CA5753E00385F22 /* MainView.swift in Sources */,
				730544EF2CA1EBDA00F77233 /* ArticleListViewModel.swift in Sources */,
				73A092852CA573C300385F22 /* ArticleDetailView.swift in Sources */,
				7336F22D2CB9A2D600C06F89 /* RatingView.swift in Sources */,
				7336F2292CB9552200C06F89 /* ReviewRepository.swift in Sources */,
				730544B42CA1959000F77233 /* ContentView.swift in Sources */,
				730544E32CA1D06800F77233 /* NetworkRequestExecutor.swift in Sources */,
				7380F5CE2CD15310006FC4F0 /* LikesView.swift in Sources */,
				73A092892CA61D0600385F22 /* NetworkError.swift in Sources */,
				73C815FE2CA20CC300875B2F /* ArticleListRowItemView.swift in Sources */,
				7336F2202CB8A5B700C06F89 /* ActivityViewController.swift in Sources */,
				730544E52CA1D09200F77233 /* NetworkService.swift in Sources */,
				7380F5BA2CCC11FB006FC4F0 /* ArticleDetailViewModel.swift in Sources */,
				7380F5CC2CD14403006FC4F0 /* JoiefullAppViewModel.swift in Sources */,
				7380F5CA2CD13F20006FC4F0 /* LikeRepository.swift in Sources */,
				7380F5B42CCBFA06006FC4F0 /* ArticleListView.swift in Sources */,
				7380F5C82CD12188006FC4F0 /* Like.swift in Sources */,
				7336F2272CB9543100C06F89 /* PersistenceController.swift in Sources */,
				7380F5B82CCC0958006FC4F0 /* ArticleRepository.swift in Sources */,
				730544EA2CA1D68700F77233 /* Article.swift in Sources */,
				730544F42CA2078100F77233 /* ArticleListRowView.swift in Sources */,
				7336F2232CB9490000C06F89 /* Joiefull.xcdatamodeld in Sources */,
				7380F5BC2CCEC876006FC4F0 /* LazyNavigationLink.swift in Sources */,
				730544B22CA1959000F77233 /* JoiefullApp.swift in Sources */,
				7380F5BE2CCED420006FC4F0 /* ArticleListRowItemViewModel.swift in Sources */,
			);
			runOnlyForDeploymentPostprocessing = 0;
		};
		730544BA2CA1959200F77233 /* Sources */ = {
			isa = PBXSourcesBuildPhase;
			buildActionMask = 2147483647;
			files = (
				731F03152CD9A18100D72C42 /* ArticleDetailViewModelTests.swift in Sources */,
				731F03112CD993AE00D72C42 /* ReviewRepositoryMock.swift in Sources */,
				730544C32CA1959200F77233 /* JoiefullTests.swift in Sources */,
				731F03082CD5543B00D72C42 /* NetworkServiceMock.swift in Sources */,
				731F030F2CD989F000D72C42 /* LikeTests.swift in Sources */,
				731F03052CD3DCF500D72C42 /* ArticleListViewModelTests.swift in Sources */,
				731F03132CD99BAE00D72C42 /* ArticleListRowItemViewModelTests.swift in Sources */,
			);
			runOnlyForDeploymentPostprocessing = 0;
		};
		730544C42CA1959200F77233 /* Sources */ = {
			isa = PBXSourcesBuildPhase;
			buildActionMask = 2147483647;
			files = (
				730544CF2CA1959200F77233 /* JoiefullUITestsLaunchTests.swift in Sources */,
				730544CD2CA1959200F77233 /* JoiefullUITests.swift in Sources */,
			);
			runOnlyForDeploymentPostprocessing = 0;
		};
/* End PBXSourcesBuildPhase section */

/* Begin PBXTargetDependency section */
		730544C02CA1959200F77233 /* PBXTargetDependency */ = {
			isa = PBXTargetDependency;
			target = 730544AD2CA1959000F77233 /* Joiefull */;
			targetProxy = 730544BF2CA1959200F77233 /* PBXContainerItemProxy */;
		};
		730544CA2CA1959200F77233 /* PBXTargetDependency */ = {
			isa = PBXTargetDependency;
			target = 730544AD2CA1959000F77233 /* Joiefull */;
			targetProxy = 730544C92CA1959200F77233 /* PBXContainerItemProxy */;
		};
/* End PBXTargetDependency section */

/* Begin XCBuildConfiguration section */
		730544D02CA1959200F77233 /* Debug */ = {
			isa = XCBuildConfiguration;
			buildSettings = {
				ALWAYS_SEARCH_USER_PATHS = NO;
				ASSETCATALOG_COMPILER_GENERATE_SWIFT_ASSET_SYMBOL_EXTENSIONS = YES;
				CLANG_ANALYZER_NONNULL = YES;
				CLANG_ANALYZER_NUMBER_OBJECT_CONVERSION = YES_AGGRESSIVE;
				CLANG_CXX_LANGUAGE_STANDARD = "gnu++20";
				CLANG_ENABLE_MODULES = YES;
				CLANG_ENABLE_OBJC_ARC = YES;
				CLANG_ENABLE_OBJC_WEAK = YES;
				CLANG_WARN_BLOCK_CAPTURE_AUTORELEASING = YES;
				CLANG_WARN_BOOL_CONVERSION = YES;
				CLANG_WARN_COMMA = YES;
				CLANG_WARN_CONSTANT_CONVERSION = YES;
				CLANG_WARN_DEPRECATED_OBJC_IMPLEMENTATIONS = YES;
				CLANG_WARN_DIRECT_OBJC_ISA_USAGE = YES_ERROR;
				CLANG_WARN_DOCUMENTATION_COMMENTS = YES;
				CLANG_WARN_EMPTY_BODY = YES;
				CLANG_WARN_ENUM_CONVERSION = YES;
				CLANG_WARN_INFINITE_RECURSION = YES;
				CLANG_WARN_INT_CONVERSION = YES;
				CLANG_WARN_NON_LITERAL_NULL_CONVERSION = YES;
				CLANG_WARN_OBJC_IMPLICIT_RETAIN_SELF = YES;
				CLANG_WARN_OBJC_LITERAL_CONVERSION = YES;
				CLANG_WARN_OBJC_ROOT_CLASS = YES_ERROR;
				CLANG_WARN_QUOTED_INCLUDE_IN_FRAMEWORK_HEADER = YES;
				CLANG_WARN_RANGE_LOOP_ANALYSIS = YES;
				CLANG_WARN_STRICT_PROTOTYPES = YES;
				CLANG_WARN_SUSPICIOUS_MOVE = YES;
				CLANG_WARN_UNGUARDED_AVAILABILITY = YES_AGGRESSIVE;
				CLANG_WARN_UNREACHABLE_CODE = YES;
				CLANG_WARN__DUPLICATE_METHOD_MATCH = YES;
				COPY_PHASE_STRIP = NO;
				DEBUG_INFORMATION_FORMAT = dwarf;
				ENABLE_STRICT_OBJC_MSGSEND = YES;
				ENABLE_TESTABILITY = YES;
				ENABLE_USER_SCRIPT_SANDBOXING = YES;
				GCC_C_LANGUAGE_STANDARD = gnu17;
				GCC_DYNAMIC_NO_PIC = NO;
				GCC_NO_COMMON_BLOCKS = YES;
				GCC_OPTIMIZATION_LEVEL = 0;
				GCC_PREPROCESSOR_DEFINITIONS = (
					"DEBUG=1",
					"$(inherited)",
				);
				GCC_WARN_64_TO_32_BIT_CONVERSION = YES;
				GCC_WARN_ABOUT_RETURN_TYPE = YES_ERROR;
				GCC_WARN_UNDECLARED_SELECTOR = YES;
				GCC_WARN_UNINITIALIZED_AUTOS = YES_AGGRESSIVE;
				GCC_WARN_UNUSED_FUNCTION = YES;
				GCC_WARN_UNUSED_VARIABLE = YES;
				IPHONEOS_DEPLOYMENT_TARGET = 17.0;
				LOCALIZATION_PREFERS_STRING_CATALOGS = YES;
				MTL_ENABLE_DEBUG_INFO = INCLUDE_SOURCE;
				MTL_FAST_MATH = YES;
				ONLY_ACTIVE_ARCH = YES;
				SDKROOT = iphoneos;
				SWIFT_ACTIVE_COMPILATION_CONDITIONS = "DEBUG $(inherited)";
				SWIFT_OPTIMIZATION_LEVEL = "-Onone";
			};
			name = Debug;
		};
		730544D12CA1959200F77233 /* Release */ = {
			isa = XCBuildConfiguration;
			buildSettings = {
				ALWAYS_SEARCH_USER_PATHS = NO;
				ASSETCATALOG_COMPILER_GENERATE_SWIFT_ASSET_SYMBOL_EXTENSIONS = YES;
				CLANG_ANALYZER_NONNULL = YES;
				CLANG_ANALYZER_NUMBER_OBJECT_CONVERSION = YES_AGGRESSIVE;
				CLANG_CXX_LANGUAGE_STANDARD = "gnu++20";
				CLANG_ENABLE_MODULES = YES;
				CLANG_ENABLE_OBJC_ARC = YES;
				CLANG_ENABLE_OBJC_WEAK = YES;
				CLANG_WARN_BLOCK_CAPTURE_AUTORELEASING = YES;
				CLANG_WARN_BOOL_CONVERSION = YES;
				CLANG_WARN_COMMA = YES;
				CLANG_WARN_CONSTANT_CONVERSION = YES;
				CLANG_WARN_DEPRECATED_OBJC_IMPLEMENTATIONS = YES;
				CLANG_WARN_DIRECT_OBJC_ISA_USAGE = YES_ERROR;
				CLANG_WARN_DOCUMENTATION_COMMENTS = YES;
				CLANG_WARN_EMPTY_BODY = YES;
				CLANG_WARN_ENUM_CONVERSION = YES;
				CLANG_WARN_INFINITE_RECURSION = YES;
				CLANG_WARN_INT_CONVERSION = YES;
				CLANG_WARN_NON_LITERAL_NULL_CONVERSION = YES;
				CLANG_WARN_OBJC_IMPLICIT_RETAIN_SELF = YES;
				CLANG_WARN_OBJC_LITERAL_CONVERSION = YES;
				CLANG_WARN_OBJC_ROOT_CLASS = YES_ERROR;
				CLANG_WARN_QUOTED_INCLUDE_IN_FRAMEWORK_HEADER = YES;
				CLANG_WARN_RANGE_LOOP_ANALYSIS = YES;
				CLANG_WARN_STRICT_PROTOTYPES = YES;
				CLANG_WARN_SUSPICIOUS_MOVE = YES;
				CLANG_WARN_UNGUARDED_AVAILABILITY = YES_AGGRESSIVE;
				CLANG_WARN_UNREACHABLE_CODE = YES;
				CLANG_WARN__DUPLICATE_METHOD_MATCH = YES;
				COPY_PHASE_STRIP = NO;
				DEBUG_INFORMATION_FORMAT = "dwarf-with-dsym";
				ENABLE_NS_ASSERTIONS = NO;
				ENABLE_STRICT_OBJC_MSGSEND = YES;
				ENABLE_USER_SCRIPT_SANDBOXING = YES;
				GCC_C_LANGUAGE_STANDARD = gnu17;
				GCC_NO_COMMON_BLOCKS = YES;
				GCC_WARN_64_TO_32_BIT_CONVERSION = YES;
				GCC_WARN_ABOUT_RETURN_TYPE = YES_ERROR;
				GCC_WARN_UNDECLARED_SELECTOR = YES;
				GCC_WARN_UNINITIALIZED_AUTOS = YES_AGGRESSIVE;
				GCC_WARN_UNUSED_FUNCTION = YES;
				GCC_WARN_UNUSED_VARIABLE = YES;
				IPHONEOS_DEPLOYMENT_TARGET = 17.0;
				LOCALIZATION_PREFERS_STRING_CATALOGS = YES;
				MTL_ENABLE_DEBUG_INFO = NO;
				MTL_FAST_MATH = YES;
				SDKROOT = iphoneos;
				SWIFT_COMPILATION_MODE = wholemodule;
				VALIDATE_PRODUCT = YES;
			};
			name = Release;
		};
		730544D32CA1959200F77233 /* Debug */ = {
			isa = XCBuildConfiguration;
			buildSettings = {
				ASSETCATALOG_COMPILER_APPICON_NAME = AppIcon;
				ASSETCATALOG_COMPILER_GLOBAL_ACCENT_COLOR_NAME = AccentColor;
				CODE_SIGN_STYLE = Automatic;
				CURRENT_PROJECT_VERSION = 1;
				DEVELOPMENT_ASSET_PATHS = "\"Joiefull/Preview Content\"";
				ENABLE_PREVIEWS = YES;
				GENERATE_INFOPLIST_FILE = YES;
				INFOPLIST_FILE = Joiefull/Info.plist;
				INFOPLIST_KEY_UIApplicationSceneManifest_Generation = YES;
				INFOPLIST_KEY_UIApplicationSupportsIndirectInputEvents = YES;
				INFOPLIST_KEY_UILaunchScreen_Generation = YES;
				INFOPLIST_KEY_UISupportedInterfaceOrientations = UIInterfaceOrientationPortrait;
				INFOPLIST_KEY_UISupportedInterfaceOrientations_iPad = "UIInterfaceOrientationLandscapeLeft UIInterfaceOrientationLandscapeRight";
				LD_RUNPATH_SEARCH_PATHS = (
					"$(inherited)",
					"@executable_path/Frameworks",
				);
				MARKETING_VERSION = 1.0;
				PRODUCT_BUNDLE_IDENTIFIER = louise.Joiefull;
				PRODUCT_NAME = "$(TARGET_NAME)";
				SWIFT_EMIT_LOC_STRINGS = YES;
				SWIFT_VERSION = 5.0;
				TARGETED_DEVICE_FAMILY = "1,2";
			};
			name = Debug;
		};
		730544D42CA1959200F77233 /* Release */ = {
			isa = XCBuildConfiguration;
			buildSettings = {
				ASSETCATALOG_COMPILER_APPICON_NAME = AppIcon;
				ASSETCATALOG_COMPILER_GLOBAL_ACCENT_COLOR_NAME = AccentColor;
				CODE_SIGN_STYLE = Automatic;
				CURRENT_PROJECT_VERSION = 1;
				DEVELOPMENT_ASSET_PATHS = "\"Joiefull/Preview Content\"";
				ENABLE_PREVIEWS = YES;
				GENERATE_INFOPLIST_FILE = YES;
				INFOPLIST_FILE = Joiefull/Info.plist;
				INFOPLIST_KEY_UIApplicationSceneManifest_Generation = YES;
				INFOPLIST_KEY_UIApplicationSupportsIndirectInputEvents = YES;
				INFOPLIST_KEY_UILaunchScreen_Generation = YES;
				INFOPLIST_KEY_UISupportedInterfaceOrientations = UIInterfaceOrientationPortrait;
				INFOPLIST_KEY_UISupportedInterfaceOrientations_iPad = "UIInterfaceOrientationLandscapeLeft UIInterfaceOrientationLandscapeRight";
				LD_RUNPATH_SEARCH_PATHS = (
					"$(inherited)",
					"@executable_path/Frameworks",
				);
				MARKETING_VERSION = 1.0;
				PRODUCT_BUNDLE_IDENTIFIER = louise.Joiefull;
				PRODUCT_NAME = "$(TARGET_NAME)";
				SWIFT_EMIT_LOC_STRINGS = YES;
				SWIFT_VERSION = 5.0;
				TARGETED_DEVICE_FAMILY = "1,2";
			};
			name = Release;
		};
		730544D62CA1959200F77233 /* Debug */ = {
			isa = XCBuildConfiguration;
			buildSettings = {
				BUNDLE_LOADER = "$(TEST_HOST)";
				CODE_SIGN_STYLE = Automatic;
				CURRENT_PROJECT_VERSION = 1;
				GENERATE_INFOPLIST_FILE = YES;
				IPHONEOS_DEPLOYMENT_TARGET = 17.0;
				MARKETING_VERSION = 1.0;
				PRODUCT_BUNDLE_IDENTIFIER = louise.JoiefullTests;
				PRODUCT_NAME = "$(TARGET_NAME)";
				SWIFT_EMIT_LOC_STRINGS = NO;
				SWIFT_VERSION = 5.0;
				TARGETED_DEVICE_FAMILY = "1,2";
				TEST_HOST = "$(BUILT_PRODUCTS_DIR)/Joiefull.app/$(BUNDLE_EXECUTABLE_FOLDER_PATH)/Joiefull";
			};
			name = Debug;
		};
		730544D72CA1959200F77233 /* Release */ = {
			isa = XCBuildConfiguration;
			buildSettings = {
				BUNDLE_LOADER = "$(TEST_HOST)";
				CODE_SIGN_STYLE = Automatic;
				CURRENT_PROJECT_VERSION = 1;
				GENERATE_INFOPLIST_FILE = YES;
				IPHONEOS_DEPLOYMENT_TARGET = 17.0;
				MARKETING_VERSION = 1.0;
				PRODUCT_BUNDLE_IDENTIFIER = louise.JoiefullTests;
				PRODUCT_NAME = "$(TARGET_NAME)";
				SWIFT_EMIT_LOC_STRINGS = NO;
				SWIFT_VERSION = 5.0;
				TARGETED_DEVICE_FAMILY = "1,2";
				TEST_HOST = "$(BUILT_PRODUCTS_DIR)/Joiefull.app/$(BUNDLE_EXECUTABLE_FOLDER_PATH)/Joiefull";
			};
			name = Release;
		};
		730544D92CA1959200F77233 /* Debug */ = {
			isa = XCBuildConfiguration;
			buildSettings = {
				CODE_SIGN_STYLE = Automatic;
				CURRENT_PROJECT_VERSION = 1;
				GENERATE_INFOPLIST_FILE = YES;
				MARKETING_VERSION = 1.0;
				PRODUCT_BUNDLE_IDENTIFIER = louise.JoiefullUITests;
				PRODUCT_NAME = "$(TARGET_NAME)";
				SWIFT_EMIT_LOC_STRINGS = NO;
				SWIFT_VERSION = 5.0;
				TARGETED_DEVICE_FAMILY = "1,2";
				TEST_TARGET_NAME = Joiefull;
			};
			name = Debug;
		};
		730544DA2CA1959200F77233 /* Release */ = {
			isa = XCBuildConfiguration;
			buildSettings = {
				CODE_SIGN_STYLE = Automatic;
				CURRENT_PROJECT_VERSION = 1;
				GENERATE_INFOPLIST_FILE = YES;
				MARKETING_VERSION = 1.0;
				PRODUCT_BUNDLE_IDENTIFIER = louise.JoiefullUITests;
				PRODUCT_NAME = "$(TARGET_NAME)";
				SWIFT_EMIT_LOC_STRINGS = NO;
				SWIFT_VERSION = 5.0;
				TARGETED_DEVICE_FAMILY = "1,2";
				TEST_TARGET_NAME = Joiefull;
			};
			name = Release;
		};
/* End XCBuildConfiguration section */

/* Begin XCConfigurationList section */
		730544A92CA1959000F77233 /* Build configuration list for PBXProject "Joiefull" */ = {
			isa = XCConfigurationList;
			buildConfigurations = (
				730544D02CA1959200F77233 /* Debug */,
				730544D12CA1959200F77233 /* Release */,
			);
			defaultConfigurationIsVisible = 0;
			defaultConfigurationName = Release;
		};
		730544D22CA1959200F77233 /* Build configuration list for PBXNativeTarget "Joiefull" */ = {
			isa = XCConfigurationList;
			buildConfigurations = (
				730544D32CA1959200F77233 /* Debug */,
				730544D42CA1959200F77233 /* Release */,
			);
			defaultConfigurationIsVisible = 0;
			defaultConfigurationName = Release;
		};
		730544D52CA1959200F77233 /* Build configuration list for PBXNativeTarget "JoiefullTests" */ = {
			isa = XCConfigurationList;
			buildConfigurations = (
				730544D62CA1959200F77233 /* Debug */,
				730544D72CA1959200F77233 /* Release */,
			);
			defaultConfigurationIsVisible = 0;
			defaultConfigurationName = Release;
		};
		730544D82CA1959200F77233 /* Build configuration list for PBXNativeTarget "JoiefullUITests" */ = {
			isa = XCConfigurationList;
			buildConfigurations = (
				730544D92CA1959200F77233 /* Debug */,
				730544DA2CA1959200F77233 /* Release */,
			);
			defaultConfigurationIsVisible = 0;
			defaultConfigurationName = Release;
		};
/* End XCConfigurationList section */

/* Begin XCRemoteSwiftPackageReference section */
		7380F5C22CD0D976006FC4F0 /* XCRemoteSwiftPackageReference "swift-collections" */ = {
			isa = XCRemoteSwiftPackageReference;
			repositoryURL = "https://github.com/apple/swift-collections.git";
			requirement = {
				kind = upToNextMajorVersion;
				minimumVersion = 1.1.4;
			};
		};
/* End XCRemoteSwiftPackageReference section */

/* Begin XCSwiftPackageProductDependency section */
		7380F5C32CD0D976006FC4F0 /* Collections */ = {
			isa = XCSwiftPackageProductDependency;
			package = 7380F5C22CD0D976006FC4F0 /* XCRemoteSwiftPackageReference "swift-collections" */;
			productName = Collections;
		};
		7380F5C52CD0D976006FC4F0 /* OrderedCollections */ = {
			isa = XCSwiftPackageProductDependency;
			package = 7380F5C22CD0D976006FC4F0 /* XCRemoteSwiftPackageReference "swift-collections" */;
			productName = OrderedCollections;
		};
/* End XCSwiftPackageProductDependency section */

/* Begin XCVersionGroup section */
		7336F2212CB9490000C06F89 /* Joiefull.xcdatamodeld */ = {
			isa = XCVersionGroup;
			children = (
				7336F2222CB9490000C06F89 /* Model.xcdatamodel */,
			);
			currentVersion = 7336F2222CB9490000C06F89 /* Model.xcdatamodel */;
			path = Joiefull.xcdatamodeld;
			sourceTree = "<group>";
			versionGroupType = wrapper.xcdatamodel;
		};
/* End XCVersionGroup section */
	};
	rootObject = 730544A62CA1959000F77233 /* Project object */;
}
